
Microsoft Visual Studio Solution File, Format Version 12.00
# Visual Studio 15
Project("{FAE04EC0-301F-11D3-BF4B-00C04F79EFBC}") = "lib_backend", "lib_backend\lib_backend.csproj", "{92E1EB19-8285-4BDF-9479-E34B203DC256}"
EndProject
Project("{E53339B2-1760-4266-BCC7-CA923CBCF16C}") = "docker-compose", "docker-compose.dcproj", "{729A78CA-AD26-4EC7-8AFD-FBA74466B3FC}"
EndProject
Global
	GlobalSection(SolutionConfigurationPlatforms) = preSolution
		Debug|Any CPU = Debug|Any CPU
		Release|Any CPU = Release|Any CPU
	EndGlobalSection
	GlobalSection(ProjectConfigurationPlatforms) = postSolution
		{92E1EB19-8285-4BDF-9479-E34B203DC256}.Debug|Any CPU.ActiveCfg = Debug|Any CPU
		{92E1EB19-8285-4BDF-9479-E34B203DC256}.Debug|Any CPU.Build.0 = Debug|Any CPU
		{92E1EB19-8285-4BDF-9479-E34B203DC256}.Release|Any CPU.ActiveCfg = Release|Any CPU
		{92E1EB19-8285-4BDF-9479-E34B203DC256}.Release|Any CPU.Build.0 = Release|Any CPU
		{729A78CA-AD26-4EC7-8AFD-FBA74466B3FC}.Debug|Any CPU.ActiveCfg = Debug|Any CPU
		{729A78CA-AD26-4EC7-8AFD-FBA74466B3FC}.Debug|Any CPU.Build.0 = Debug|Any CPU
		{729A78CA-AD26-4EC7-8AFD-FBA74466B3FC}.Release|Any CPU.ActiveCfg = Release|Any CPU
		{729A78CA-AD26-4EC7-8AFD-FBA74466B3FC}.Release|Any CPU.Build.0 = Release|Any CPU
	EndGlobalSection
EndGlobal
